
Microsoft Visual Studio Solution File, Format Version 12.00
# Visual Studio Version 16
VisualStudioVersion = 16.0.30804.86
MinimumVisualStudioVersion = 10.0.40219.1
Project("{FAE04EC0-301F-11D3-BF4B-00C04F79EFBC}") = "Tarea1_laboratorio", "Tarea1_laboratorio\Tarea1_laboratorio.csproj", "{692B78AF-2C50-424C-B6F3-A15E491FDB42}"
EndProject
Global
	GlobalSection(SolutionConfigurationPlatforms) = preSolution
		Debug|Any CPU = Debug|Any CPU
		Release|Any CPU = Release|Any CPU
	EndGlobalSection
	GlobalSection(ProjectConfigurationPlatforms) = postSolution
		{692B78AF-2C50-424C-B6F3-A15E491FDB42}.Debug|Any CPU.ActiveCfg = Debug|Any CPU
		{692B78AF-2C50-424C-B6F3-A15E491FDB42}.Debug|Any CPU.Build.0 = Debug|Any CPU
		{692B78AF-2C50-424C-B6F3-A15E491FDB42}.Release|Any CPU.ActiveCfg = Release|Any CPU
		{692B78AF-2C50-424C-B6F3-A15E491FDB42}.Release|Any CPU.Build.0 = Release|Any CPU
	EndGlobalSection
	GlobalSection(SolutionProperties) = preSolution
		HideSolutionNode = FALSE
	EndGlobalSection
	GlobalSection(ExtensibilityGlobals) = postSolution
		SolutionGuid = {CDA42606-EF63-4EF5-9086-1EA922CFF82A}
	EndGlobalSection
EndGlobal
